{
    "_readme": [
        "This file locks the dependencies of your project to a known state",
        "Read more about it at https://getcomposer.org/doc/01-basic-usage.md#composer-lock-the-lock-file",
        "This file is @generated automatically"
    ],
    "content-hash": "39ede89993203d3a5e7ec013776f1619",
    "packages": [
        {
            "name": "bitrix-expert/bbc",
            "version": "1.0.0",
            "source": {
                "type": "git",
                "url": "https://github.com/bitrix-expert/bbc.git",
                "reference": "5e2a1e85fe8be790cd41b5c961d8a9813764bf06"
            },
            "dist": {
                "type": "zip",
                "url": "https://api.github.com/repos/bitrix-expert/bbc/zipball/5e2a1e85fe8be790cd41b5c961d8a9813764bf06",
                "reference": "5e2a1e85fe8be790cd41b5c961d8a9813764bf06",
                "shasum": ""
            },
            "require": {
                "bitrix-expert/bbc-module": "1.*",
                "composer/installers": "~1",
                "php": ">=5.4.0"
            },
            "type": "bitrix-component",
            "notification-url": "https://packagist.org/downloads/",
            "license": [
                "MIT"
            ],
            "authors": [
                {
                    "name": "Nik Samokhvalov",
                    "email": "nik@samokhvalov.info",
                    "homepage": "http://samokhvalov.info"
                }
            ],
            "description": "Bitrix basis components",
            "homepage": "http://bbc.bitrix.expert",
            "keywords": [
                "bitrix",
                "components"
            ],
            "time": "2015-07-21T21:47:02+00:00"
        },
        {
            "name": "bitrix-expert/bbc-module",
            "version": "1.1.6",
            "source": {
                "type": "git",
                "url": "https://github.com/bitrix-expert/bbc-module.git",
                "reference": "cc51b307e91b88ef8658e34a500ec4134be03689"
            },
            "dist": {
                "type": "zip",
                "url": "https://api.github.com/repos/bitrix-expert/bbc-module/zipball/cc51b307e91b88ef8658e34a500ec4134be03689",
                "reference": "cc51b307e91b88ef8658e34a500ec4134be03689",
                "shasum": ""
            },
            "require": {
                "composer/installers": "~1",
                "php": ">=5.4.0"
            },
            "type": "bitrix-module",
            "extra": {
                "installer-name": "bex.bbc"
            },
            "notification-url": "https://packagist.org/downloads/",
            "license": [
                "MIT"
            ],
            "authors": [
                {
                    "name": "Nik Samokhvalov",
                    "email": "nik@samokhvalov.info",
                    "homepage": "http://samokhvalov.info"
                }
            ],
            "description": "Module with classes for the basis components",
            "homepage": "http://bbc.bitrix.expert",
            "keywords": [
                "bitrix",
                "components",
                "module"
            ],
            "time": "2017-01-16T15:39:28+00:00"
        },
        {
            "name": "bitrix-expert/monolog-adapter",
            "version": "1.0.0",
            "source": {
                "type": "git",
                "url": "https://github.com/bitrix-expert/monolog-adapter.git",
                "reference": "112d6524f217c7d7cac29249faad0217a549ce27"
            },
            "dist": {
                "type": "zip",
                "url": "https://api.github.com/repos/bitrix-expert/monolog-adapter/zipball/112d6524f217c7d7cac29249faad0217a549ce27",
                "reference": "112d6524f217c7d7cac29249faad0217a549ce27",
                "shasum": ""
            },
            "require": {
                "monolog/monolog": "1.*",
                "php": ">=5.3",
                "theorchard/monolog-cascade": "~0.2"
            },
            "type": "library",
            "autoload": {
                "psr-4": {
                    "Bex\\Monolog\\": "src/"
                },
                "files": [
                    "src/bootstrap.php"
                ]
            },
            "notification-url": "https://packagist.org/downloads/",
            "license": [
                "MIT"
            ],
            "authors": [
                {
                    "name": "Nik Samokhvalov",
                    "email": "nik@samokhvalov.info"
                }
            ],
            "description": "Monolog adapter for Bitrix CMS",
            "keywords": [
                "bitrix",
                "log",
                "logger",
                "monolog",
                "psr-3"
            ],
            "time": "2016-10-14T09:35:39+00:00"
        },
        {
            "name": "bitrix-expert/tools",
            "version": "1.5.2",
            "source": {
                "type": "git",
                "url": "https://github.com/bitrix-expert/tools.git",
                "reference": "5668d07804318e3831459fe14d15d7a4efcdd186"
            },
            "dist": {
                "type": "zip",
                "url": "https://api.github.com/repos/bitrix-expert/tools/zipball/5668d07804318e3831459fe14d15d7a4efcdd186",
                "reference": "5668d07804318e3831459fe14d15d7a4efcdd186",
                "shasum": ""
            },
            "require": {
                "php": ">=5.4.0"
            },
            "type": "library",
            "autoload": {
                "psr-4": {
                    "Bex\\Tools\\": "src/"
                },
                "files": [
                    "src/bootstrap.php"
                ]
            },
            "notification-url": "https://packagist.org/downloads/",
            "license": [
                "MIT"
            ],
            "authors": [
                {
                    "name": "Nik Samokhvalov",
                    "email": "nik@samokhvalov.info"
                }
            ],
            "description": "Helpers for developers on Bitrix",
            "keywords": [
                "bitrix",
                "iblock",
                "tools"
            ],
            "time": "2017-03-27T11:07:34+00:00"
        },
        {
            "name": "composer/installers",
            "version": "v1.11.0",
            "source": {
                "type": "git",
                "url": "https://github.com/composer/installers.git",
                "reference": "ae03311f45dfe194412081526be2e003960df74b"
            },
            "dist": {
                "type": "zip",
                "url": "https://api.github.com/repos/composer/installers/zipball/ae03311f45dfe194412081526be2e003960df74b",
                "reference": "ae03311f45dfe194412081526be2e003960df74b",
                "shasum": ""
            },
            "require": {
                "composer-plugin-api": "^1.0 || ^2.0"
            },
            "replace": {
                "roundcube/plugin-installer": "*",
                "shama/baton": "*"
            },
            "require-dev": {
                "composer/composer": "1.6.* || ^2.0",
                "composer/semver": "^1 || ^3",
                "phpstan/phpstan": "^0.12.55",
                "phpstan/phpstan-phpunit": "^0.12.16",
                "symfony/phpunit-bridge": "^4.2 || ^5",
                "symfony/process": "^2.3"
            },
            "type": "composer-plugin",
            "extra": {
                "class": "Composer\\Installers\\Plugin",
                "branch-alias": {
                    "dev-main": "1.x-dev"
                }
            },
            "autoload": {
                "psr-4": {
                    "Composer\\Installers\\": "src/Composer/Installers"
                }
            },
            "notification-url": "https://packagist.org/downloads/",
            "license": [
                "MIT"
            ],
            "authors": [
                {
                    "name": "Kyle Robinson Young",
                    "email": "kyle@dontkry.com",
                    "homepage": "https://github.com/shama"
                }
            ],
            "description": "A multi-framework Composer library installer",
            "homepage": "https://composer.github.io/installers/",
            "keywords": [
                "Craft",
                "Dolibarr",
                "Eliasis",
                "Hurad",
                "ImageCMS",
                "Kanboard",
                "Lan Management System",
                "MODX Evo",
                "MantisBT",
                "Mautic",
                "Maya",
                "OXID",
                "Plentymarkets",
                "Porto",
                "RadPHP",
                "SMF",
                "Starbug",
                "Thelia",
                "Whmcs",
                "WolfCMS",
                "agl",
                "aimeos",
                "annotatecms",
                "attogram",
                "bitrix",
                "cakephp",
                "chef",
                "cockpit",
                "codeigniter",
                "concrete5",
                "croogo",
                "dokuwiki",
                "drupal",
                "eZ Platform",
                "elgg",
                "expressionengine",
                "fuelphp",
                "grav",
                "installer",
                "itop",
                "joomla",
                "known",
                "kohana",
                "laravel",
                "lavalite",
                "lithium",
                "magento",
                "majima",
                "mako",
                "mediawiki",
                "miaoxing",
                "modulework",
                "modx",
                "moodle",
                "osclass",
                "phpbb",
                "piwik",
                "ppi",
                "processwire",
                "puppet",
                "pxcms",
                "reindex",
                "roundcube",
                "shopware",
                "silverstripe",
                "sydes",
                "sylius",
                "symfony",
                "tastyigniter",
                "typo3",
                "wordpress",
                "yawik",
                "zend",
                "zikula"
            ],
            "time": "2021-04-28T06:42:17+00:00"
        },
        {
            "name": "monolog/monolog",
            "version": "1.26.1",
            "source": {
                "type": "git",
                "url": "https://github.com/Seldaek/monolog.git",
                "reference": "c6b00f05152ae2c9b04a448f99c7590beb6042f5"
            },
            "dist": {
                "type": "zip",
                "url": "https://api.github.com/repos/Seldaek/monolog/zipball/c6b00f05152ae2c9b04a448f99c7590beb6042f5",
                "reference": "c6b00f05152ae2c9b04a448f99c7590beb6042f5",
                "shasum": ""
            },
            "require": {
                "php": ">=5.3.0",
                "psr/log": "~1.0"
            },
            "provide": {
                "psr/log-implementation": "1.0.0"
            },
            "require-dev": {
                "aws/aws-sdk-php": "^2.4.9 || ^3.0",
                "doctrine/couchdb": "~1.0@dev",
                "graylog2/gelf-php": "~1.0",
                "php-amqplib/php-amqplib": "~2.4",
                "php-console/php-console": "^3.1.3",
                "phpstan/phpstan": "^0.12.59",
                "phpunit/phpunit": "~4.5",
                "ruflin/elastica": ">=0.90 <3.0",
                "sentry/sentry": "^0.13",
                "swiftmailer/swiftmailer": "^5.3|^6.0"
            },
            "suggest": {
                "aws/aws-sdk-php": "Allow sending log messages to AWS services like DynamoDB",
                "doctrine/couchdb": "Allow sending log messages to a CouchDB server",
                "ext-amqp": "Allow sending log messages to an AMQP server (1.0+ required)",
                "ext-mongo": "Allow sending log messages to a MongoDB server",
                "graylog2/gelf-php": "Allow sending log messages to a GrayLog2 server",
                "mongodb/mongodb": "Allow sending log messages to a MongoDB server via PHP Driver",
                "php-amqplib/php-amqplib": "Allow sending log messages to an AMQP server using php-amqplib",
                "php-console/php-console": "Allow sending log messages to Google Chrome",
                "rollbar/rollbar": "Allow sending log messages to Rollbar",
                "ruflin/elastica": "Allow sending log messages to an Elastic Search server",
                "sentry/sentry": "Allow sending log messages to a Sentry server"
            },
            "type": "library",
            "autoload": {
                "psr-4": {
                    "Monolog\\": "src/Monolog"
                }
            },
            "notification-url": "https://packagist.org/downloads/",
            "license": [
                "MIT"
            ],
            "authors": [
                {
                    "name": "Jordi Boggiano",
                    "email": "j.boggiano@seld.be",
                    "homepage": "http://seld.be"
                }
            ],
            "description": "Sends your logs to files, sockets, inboxes, databases and various web services",
            "homepage": "http://github.com/Seldaek/monolog",
            "keywords": [
                "log",
                "logging",
                "psr-3"
            ],
            "time": "2021-05-28T08:32:12+00:00"
        },
        {
            "name": "psr/log",
            "version": "1.1.4",
            "source": {
                "type": "git",
                "url": "https://github.com/php-fig/log.git",
                "reference": "d49695b909c3b7628b6289db5479a1c204601f11"
            },
            "dist": {
                "type": "zip",
                "url": "https://api.github.com/repos/php-fig/log/zipball/d49695b909c3b7628b6289db5479a1c204601f11",
                "reference": "d49695b909c3b7628b6289db5479a1c204601f11",
                "shasum": ""
            },
            "require": {
                "php": ">=5.3.0"
            },
            "type": "library",
            "extra": {
                "branch-alias": {
                    "dev-master": "1.1.x-dev"
                }
            },
            "autoload": {
                "psr-4": {
                    "Psr\\Log\\": "Psr/Log/"
                }
            },
            "notification-url": "https://packagist.org/downloads/",
            "license": [
                "MIT"
            ],
            "authors": [
                {
                    "name": "PHP-FIG",
                    "homepage": "https://www.php-fig.org/"
                }
            ],
            "description": "Common interface for logging libraries",
            "homepage": "https://github.com/php-fig/log",
            "keywords": [
                "log",
                "psr",
                "psr-3"
            ],
            "time": "2021-05-03T11:20:27+00:00"
        },
        {
            "name": "symfony/config",
            "version": "v5.3.4",
            "source": {
                "type": "git",
                "url": "https://github.com/symfony/config.git",
                "reference": "4268f3059c904c61636275182707f81645517a37"
            },
            "dist": {
                "type": "zip",
                "url": "https://api.github.com/repos/symfony/config/zipball/4268f3059c904c61636275182707f81645517a37",
                "reference": "4268f3059c904c61636275182707f81645517a37",
                "shasum": ""
            },
            "require": {
                "php": ">=7.2.5",
                "symfony/deprecation-contracts": "^2.1",
                "symfony/filesystem": "^4.4|^5.0",
                "symfony/polyfill-ctype": "~1.8",
                "symfony/polyfill-php80": "^1.16",
                "symfony/polyfill-php81": "^1.22"
            },
            "conflict": {
                "symfony/finder": "<4.4"
            },
            "require-dev": {
                "symfony/event-dispatcher": "^4.4|^5.0",
                "symfony/finder": "^4.4|^5.0",
                "symfony/messenger": "^4.4|^5.0",
                "symfony/service-contracts": "^1.1|^2",
                "symfony/yaml": "^4.4|^5.0"
            },
            "suggest": {
                "symfony/yaml": "To use the yaml reference dumper"
            },
            "type": "library",
            "autoload": {
                "psr-4": {
                    "Symfony\\Component\\Config\\": ""
                },
                "exclude-from-classmap": [
                    "/Tests/"
                ]
            },
            "notification-url": "https://packagist.org/downloads/",
            "license": [
                "MIT"
            ],
            "authors": [
                {
                    "name": "Fabien Potencier",
                    "email": "fabien@symfony.com"
                },
                {
                    "name": "Symfony Community",
                    "homepage": "https://symfony.com/contributors"
                }
            ],
            "description": "Helps you find, load, combine, autofill and validate configuration values of any kind",
            "homepage": "https://symfony.com",
            "time": "2021-07-21T12:40:44+00:00"
        },
        {
            "name": "symfony/deprecation-contracts",
            "version": "v2.4.0",
            "source": {
                "type": "git",
                "url": "https://github.com/symfony/deprecation-contracts.git",
                "reference": "5f38c8804a9e97d23e0c8d63341088cd8a22d627"
            },
            "dist": {
                "type": "zip",
                "url": "https://api.github.com/repos/symfony/deprecation-contracts/zipball/5f38c8804a9e97d23e0c8d63341088cd8a22d627",
                "reference": "5f38c8804a9e97d23e0c8d63341088cd8a22d627",
                "shasum": ""
            },
            "require": {
                "php": ">=7.1"
            },
            "type": "library",
            "extra": {
                "branch-alias": {
                    "dev-main": "2.4-dev"
                },
                "thanks": {
                    "name": "symfony/contracts",
                    "url": "https://github.com/symfony/contracts"
                }
            },
            "autoload": {
                "files": [
                    "function.php"
                ]
            },
            "notification-url": "https://packagist.org/downloads/",
            "license": [
                "MIT"
            ],
            "authors": [
                {
                    "name": "Nicolas Grekas",
                    "email": "p@tchwork.com"
                },
                {
                    "name": "Symfony Community",
                    "homepage": "https://symfony.com/contributors"
                }
            ],
            "description": "A generic function and convention to trigger deprecation notices",
            "homepage": "https://symfony.com",
            "time": "2021-03-23T23:28:01+00:00"
        },
        {
            "name": "symfony/filesystem",
            "version": "v5.3.4",
            "source": {
                "type": "git",
                "url": "https://github.com/symfony/filesystem.git",
                "reference": "343f4fe324383ca46792cae728a3b6e2f708fb32"
            },
            "dist": {
                "type": "zip",
                "url": "https://api.github.com/repos/symfony/filesystem/zipball/343f4fe324383ca46792cae728a3b6e2f708fb32",
                "reference": "343f4fe324383ca46792cae728a3b6e2f708fb32",
                "shasum": ""
            },
            "require": {
                "php": ">=7.2.5",
                "symfony/polyfill-ctype": "~1.8",
                "symfony/polyfill-php80": "^1.16"
            },
            "type": "library",
            "autoload": {
                "psr-4": {
                    "Symfony\\Component\\Filesystem\\": ""
                },
                "exclude-from-classmap": [
                    "/Tests/"
                ]
            },
            "notification-url": "https://packagist.org/downloads/",
            "license": [
                "MIT"
            ],
            "authors": [
                {
                    "name": "Fabien Potencier",
                    "email": "fabien@symfony.com"
                },
                {
                    "name": "Symfony Community",
                    "homepage": "https://symfony.com/contributors"
                }
            ],
            "description": "Provides basic utilities for the filesystem",
            "homepage": "https://symfony.com",
            "time": "2021-07-21T12:40:44+00:00"
        },
        {
            "name": "symfony/options-resolver",
            "version": "v5.3.4",
            "source": {
                "type": "git",
                "url": "https://github.com/symfony/options-resolver.git",
                "reference": "a603e5701bd6e305cfc777a8b50bf081ef73105e"
            },
            "dist": {
                "type": "zip",
                "url": "https://api.github.com/repos/symfony/options-resolver/zipball/a603e5701bd6e305cfc777a8b50bf081ef73105e",
                "reference": "a603e5701bd6e305cfc777a8b50bf081ef73105e",
                "shasum": ""
            },
            "require": {
                "php": ">=7.2.5",
                "symfony/deprecation-contracts": "^2.1",
                "symfony/polyfill-php73": "~1.0",
                "symfony/polyfill-php80": "^1.16"
            },
            "type": "library",
            "autoload": {
                "psr-4": {
                    "Symfony\\Component\\OptionsResolver\\": ""
                },
                "exclude-from-classmap": [
                    "/Tests/"
                ]
            },
            "notification-url": "https://packagist.org/downloads/",
            "license": [
                "MIT"
            ],
            "authors": [
                {
                    "name": "Fabien Potencier",
                    "email": "fabien@symfony.com"
                },
                {
                    "name": "Symfony Community",
                    "homepage": "https://symfony.com/contributors"
                }
            ],
            "description": "Provides an improved replacement for the array_replace PHP function",
            "homepage": "https://symfony.com",
            "keywords": [
                "config",
                "configuration",
                "options"
            ],
            "time": "2021-07-23T15:55:36+00:00"
        },
        {
            "name": "symfony/polyfill-ctype",
            "version": "v1.23.0",
            "source": {
                "type": "git",
                "url": "https://github.com/symfony/polyfill-ctype.git",
                "reference": "46cd95797e9df938fdd2b03693b5fca5e64b01ce"
            },
            "dist": {
                "type": "zip",
                "url": "https://api.github.com/repos/symfony/polyfill-ctype/zipball/46cd95797e9df938fdd2b03693b5fca5e64b01ce",
                "reference": "46cd95797e9df938fdd2b03693b5fca5e64b01ce",
                "shasum": ""
            },
            "require": {
                "php": ">=7.1"
            },
            "suggest": {
                "ext-ctype": "For best performance"
            },
            "type": "library",
            "extra": {
                "branch-alias": {
                    "dev-main": "1.23-dev"
                },
                "thanks": {
                    "name": "symfony/polyfill",
                    "url": "https://github.com/symfony/polyfill"
                }
            },
            "autoload": {
                "psr-4": {
                    "Symfony\\Polyfill\\Ctype\\": ""
                },
                "files": [
                    "bootstrap.php"
                ]
            },
            "notification-url": "https://packagist.org/downloads/",
            "license": [
                "MIT"
            ],
            "authors": [
                {
                    "name": "Gert de Pagter",
                    "email": "BackEndTea@gmail.com"
                },
                {
                    "name": "Symfony Community",
                    "homepage": "https://symfony.com/contributors"
                }
            ],
            "description": "Symfony polyfill for ctype functions",
            "homepage": "https://symfony.com",
            "keywords": [
                "compatibility",
                "ctype",
                "polyfill",
                "portable"
            ],
            "time": "2021-02-19T12:13:01+00:00"
        },
        {
            "name": "symfony/polyfill-php73",
            "version": "v1.23.0",
            "source": {
                "type": "git",
                "url": "https://github.com/symfony/polyfill-php73.git",
                "reference": "fba8933c384d6476ab14fb7b8526e5287ca7e010"
            },
            "dist": {
                "type": "zip",
                "url": "https://api.github.com/repos/symfony/polyfill-php73/zipball/fba8933c384d6476ab14fb7b8526e5287ca7e010",
                "reference": "fba8933c384d6476ab14fb7b8526e5287ca7e010",
                "shasum": ""
            },
            "require": {
                "php": ">=7.1"
            },
            "type": "library",
            "extra": {
                "branch-alias": {
                    "dev-main": "1.23-dev"
                },
                "thanks": {
                    "name": "symfony/polyfill",
                    "url": "https://github.com/symfony/polyfill"
                }
            },
            "autoload": {
                "psr-4": {
                    "Symfony\\Polyfill\\Php73\\": ""
                },
                "files": [
                    "bootstrap.php"
                ],
                "classmap": [
                    "Resources/stubs"
                ]
            },
            "notification-url": "https://packagist.org/downloads/",
            "license": [
                "MIT"
            ],
            "authors": [
                {
                    "name": "Nicolas Grekas",
                    "email": "p@tchwork.com"
                },
                {
                    "name": "Symfony Community",
                    "homepage": "https://symfony.com/contributors"
                }
            ],
            "description": "Symfony polyfill backporting some PHP 7.3+ features to lower PHP versions",
            "homepage": "https://symfony.com",
            "keywords": [
                "compatibility",
                "polyfill",
                "portable",
                "shim"
            ],
            "time": "2021-02-19T12:13:01+00:00"
        },
        {
            "name": "symfony/polyfill-php80",
            "version": "v1.23.1",
            "source": {
                "type": "git",
                "url": "https://github.com/symfony/polyfill-php80.git",
                "reference": "1100343ed1a92e3a38f9ae122fc0eb21602547be"
            },
            "dist": {
                "type": "zip",
                "url": "https://api.github.com/repos/symfony/polyfill-php80/zipball/1100343ed1a92e3a38f9ae122fc0eb21602547be",
                "reference": "1100343ed1a92e3a38f9ae122fc0eb21602547be",
                "shasum": ""
            },
            "require": {
                "php": ">=7.1"
            },
            "type": "library",
            "extra": {
                "branch-alias": {
                    "dev-main": "1.23-dev"
                },
                "thanks": {
                    "name": "symfony/polyfill",
                    "url": "https://github.com/symfony/polyfill"
                }
            },
            "autoload": {
                "psr-4": {
                    "Symfony\\Polyfill\\Php80\\": ""
                },
                "files": [
                    "bootstrap.php"
                ],
                "classmap": [
                    "Resources/stubs"
                ]
            },
            "notification-url": "https://packagist.org/downloads/",
            "license": [
                "MIT"
            ],
            "authors": [
                {
                    "name": "Ion Bazan",
                    "email": "ion.bazan@gmail.com"
                },
                {
                    "name": "Nicolas Grekas",
                    "email": "p@tchwork.com"
                },
                {
                    "name": "Symfony Community",
                    "homepage": "https://symfony.com/contributors"
                }
            ],
            "description": "Symfony polyfill backporting some PHP 8.0+ features to lower PHP versions",
            "homepage": "https://symfony.com",
            "keywords": [
                "compatibility",
                "polyfill",
                "portable",
                "shim"
            ],
            "time": "2021-07-28T13:41:28+00:00"
        },
        {
            "name": "symfony/polyfill-php81",
            "version": "v1.23.0",
            "source": {
                "type": "git",
                "url": "https://github.com/symfony/polyfill-php81.git",
                "reference": "e66119f3de95efc359483f810c4c3e6436279436"
            },
            "dist": {
                "type": "zip",
                "url": "https://api.github.com/repos/symfony/polyfill-php81/zipball/e66119f3de95efc359483f810c4c3e6436279436",
                "reference": "e66119f3de95efc359483f810c4c3e6436279436",
                "shasum": ""
            },
            "require": {
                "php": ">=7.1"
            },
            "type": "library",
            "extra": {
                "branch-alias": {
                    "dev-main": "1.23-dev"
                },
                "thanks": {
                    "name": "symfony/polyfill",
                    "url": "https://github.com/symfony/polyfill"
                }
            },
            "autoload": {
                "psr-4": {
                    "Symfony\\Polyfill\\Php81\\": ""
                },
                "files": [
                    "bootstrap.php"
                ],
                "classmap": [
                    "Resources/stubs"
                ]
            },
            "notification-url": "https://packagist.org/downloads/",
            "license": [
                "MIT"
            ],
            "authors": [
                {
                    "name": "Nicolas Grekas",
                    "email": "p@tchwork.com"
                },
                {
                    "name": "Symfony Community",
                    "homepage": "https://symfony.com/contributors"
                }
            ],
            "description": "Symfony polyfill backporting some PHP 8.1+ features to lower PHP versions",
            "homepage": "https://symfony.com",
            "keywords": [
                "compatibility",
                "polyfill",
                "portable",
                "shim"
            ],
            "time": "2021-05-21T13:25:03+00:00"
        },
        {
            "name": "symfony/serializer",
            "version": "v5.3.4",
            "source": {
                "type": "git",
                "url": "https://github.com/symfony/serializer.git",
                "reference": "f04e368e3cb35948550c7e95cc8918cb7e761c0c"
            },
            "dist": {
                "type": "zip",
                "url": "https://api.github.com/repos/symfony/serializer/zipball/f04e368e3cb35948550c7e95cc8918cb7e761c0c",
                "reference": "f04e368e3cb35948550c7e95cc8918cb7e761c0c",
                "shasum": ""
            },
            "require": {
                "php": ">=7.2.5",
                "symfony/deprecation-contracts": "^2.1",
                "symfony/polyfill-ctype": "~1.8",
                "symfony/polyfill-php80": "^1.16"
            },
            "conflict": {
                "doctrine/annotations": "<1.12",
                "phpdocumentor/reflection-docblock": "<3.2.2",
                "phpdocumentor/type-resolver": "<1.4.0",
                "symfony/dependency-injection": "<4.4",
                "symfony/property-access": "<4.4",
                "symfony/property-info": "<5.3",
                "symfony/yaml": "<4.4"
            },
            "require-dev": {
                "doctrine/annotations": "^1.12",
                "phpdocumentor/reflection-docblock": "^3.2|^4.0|^5.0",
                "symfony/cache": "^4.4|^5.0",
                "symfony/config": "^4.4|^5.0",
                "symfony/dependency-injection": "^4.4|^5.0",
                "symfony/error-handler": "^4.4|^5.0",
                "symfony/filesystem": "^4.4|^5.0",
                "symfony/form": "^4.4|^5.0",
                "symfony/http-foundation": "^4.4|^5.0",
                "symfony/http-kernel": "^4.4|^5.0",
                "symfony/mime": "^4.4|^5.0",
                "symfony/property-access": "^4.4.9|^5.0.9",
                "symfony/property-info": "^5.3",
                "symfony/uid": "^5.1",
                "symfony/validator": "^4.4|^5.0",
                "symfony/var-dumper": "^4.4|^5.0",
                "symfony/var-exporter": "^4.4|^5.0",
                "symfony/yaml": "^4.4|^5.0"
            },
            "suggest": {
                "psr/cache-implementation": "For using the metadata cache.",
                "symfony/config": "For using the XML mapping loader.",
                "symfony/mime": "For using a MIME type guesser within the DataUriNormalizer.",
                "symfony/property-access": "For using the ObjectNormalizer.",
                "symfony/property-info": "To deserialize relations.",
                "symfony/var-exporter": "For using the metadata compiler.",
                "symfony/yaml": "For using the default YAML mapping loader."
            },
            "type": "library",
            "autoload": {
                "psr-4": {
                    "Symfony\\Component\\Serializer\\": ""
                },
                "exclude-from-classmap": [
                    "/Tests/"
                ]
            },
            "notification-url": "https://packagist.org/downloads/",
            "license": [
                "MIT"
            ],
            "authors": [
                {
                    "name": "Fabien Potencier",
                    "email": "fabien@symfony.com"
                },
                {
                    "name": "Symfony Community",
                    "homepage": "https://symfony.com/contributors"
                }
            ],
            "description": "Handles serializing and deserializing data structures, including object graphs, into array structures or other formats like XML and JSON.",
            "homepage": "https://symfony.com",
            "time": "2021-07-21T13:18:10+00:00"
        },
        {
            "name": "symfony/yaml",
            "version": "v5.3.6",
            "source": {
                "type": "git",
                "url": "https://github.com/symfony/yaml.git",
                "reference": "4500fe63dc9c6ffc32d3b1cb0448c329f9c814b7"
            },
            "dist": {
                "type": "zip",
                "url": "https://api.github.com/repos/symfony/yaml/zipball/4500fe63dc9c6ffc32d3b1cb0448c329f9c814b7",
                "reference": "4500fe63dc9c6ffc32d3b1cb0448c329f9c814b7",
                "shasum": ""
            },
            "require": {
                "php": ">=7.2.5",
                "symfony/deprecation-contracts": "^2.1",
                "symfony/polyfill-ctype": "~1.8"
            },
            "conflict": {
                "symfony/console": "<4.4"
            },
            "require-dev": {
                "symfony/console": "^4.4|^5.0"
            },
            "suggest": {
                "symfony/console": "For validating YAML files using the lint command"
            },
            "bin": [
                "Resources/bin/yaml-lint"
            ],
            "type": "library",
            "autoload": {
                "psr-4": {
                    "Symfony\\Component\\Yaml\\": ""
                },
                "exclude-from-classmap": [
                    "/Tests/"
                ]
            },
            "notification-url": "https://packagist.org/downloads/",
            "license": [
                "MIT"
            ],
            "authors": [
                {
                    "name": "Fabien Potencier",
                    "email": "fabien@symfony.com"
                },
                {
                    "name": "Symfony Community",
                    "homepage": "https://symfony.com/contributors"
                }
            ],
            "description": "Loads and dumps YAML files",
            "homepage": "https://symfony.com",
            "time": "2021-07-29T06:20:01+00:00"
        },
        {
            "name": "theorchard/monolog-cascade",
            "version": "0.5.3",
            "source": {
                "type": "git",
                "url": "https://github.com/theorchard/monolog-cascade.git",
                "reference": "034f018e9814c7a057ad2f64242f25e07aaad174"
            },
            "dist": {
                "type": "zip",
                "url": "https://api.github.com/repos/theorchard/monolog-cascade/zipball/034f018e9814c7a057ad2f64242f25e07aaad174",
                "reference": "034f018e9814c7a057ad2f64242f25e07aaad174",
                "shasum": ""
            },
            "require": {
                "monolog/monolog": "^1.13",
                "php": "^5.3.9 || ^7.0",
                "symfony/config": "^2.7 || ^3.0 || ^4.0 || ^5.0",
                "symfony/options-resolver": "^2.7 || ^3.0 || ^4.0 || ^5.0",
                "symfony/serializer": "^2.7 || ^3.0 || ^4.0 || ^5.0",
                "symfony/yaml": "^2.7 || ^3.0 || ^4.0 || ^5.0"
            },
            "require-dev": {
                "mikey179/vfsstream": "^1.6",
                "php-coveralls/php-coveralls": "^1.0",
                "phpunit/phpcov": "^2.0",
                "phpunit/phpunit": "^4.8",
                "squizlabs/php_codesniffer": "^2.5"
            },
            "type": "library",
            "extra": {
                "branch-alias": {
                    "dev-master": "0.5.x-dev"
                }
            },
            "autoload": {
                "psr-4": {
                    "Cascade\\": "src/"
                }
            },
            "notification-url": "https://packagist.org/downloads/",
            "license": [
                "MIT"
            ],
            "authors": [
                {
                    "name": "Raphaël Antonmattei",
                    "email": "rantonmattei@theorchard.com",
                    "homepage": "https://github.com/rantonmattei"
                }
            ],
            "description": "Monolog extension to configure multiple loggers in the blink of an eye and access them from anywhere",
            "homepage": "https://github.com/theorchard/monolog-cascade",
            "keywords": [
                "cascade",
                "log",
                "logger",
                "monolog",
                "monolog extension",
                "monolog plugin",
                "monolog utils"
            ],
            "time": "2020-09-12T14:44:09+00:00"
        }
    ],
    "packages-dev": [
        {
            "name": "squizlabs/php_codesniffer",
            "version": "2.2.0",
            "source": {
                "type": "git",
                "url": "https://github.com/squizlabs/PHP_CodeSniffer.git",
                "reference": "b301c98f19414d836fdaa678648745fcca5aeb4f"
            },
            "dist": {
                "type": "zip",
                "url": "https://api.github.com/repos/squizlabs/PHP_CodeSniffer/zipball/b301c98f19414d836fdaa678648745fcca5aeb4f",
                "reference": "b301c98f19414d836fdaa678648745fcca5aeb4f",
                "shasum": ""
            },
            "require": {
                "ext-tokenizer": "*",
                "php": ">=5.1.2"
            },
            "bin": [
                "scripts/phpcs",
                "scripts/phpcbf"
            ],
            "type": "library",
            "autoload": {
                "classmap": [
                    "CodeSniffer.php",
                    "CodeSniffer/CLI.php",
                    "CodeSniffer/Exception.php",
                    "CodeSniffer/File.php",
                    "CodeSniffer/Fixer.php",
                    "CodeSniffer/Report.php",
                    "CodeSniffer/Reporting.php",
                    "CodeSniffer/Sniff.php",
                    "CodeSniffer/Tokens.php",
                    "CodeSniffer/Reports/",
                    "CodeSniffer/Tokenizers/",
                    "CodeSniffer/DocGenerators/",
                    "CodeSniffer/Standards/AbstractPatternSniff.php",
                    "CodeSniffer/Standards/AbstractScopeSniff.php",
                    "CodeSniffer/Standards/AbstractVariableSniff.php",
                    "CodeSniffer/Standards/IncorrectPatternException.php",
                    "CodeSniffer/Standards/Generic/Sniffs/",
                    "CodeSniffer/Standards/MySource/Sniffs/",
                    "CodeSniffer/Standards/PEAR/Sniffs/",
                    "CodeSniffer/Standards/PSR1/Sniffs/",
                    "CodeSniffer/Standards/PSR2/Sniffs/",
                    "CodeSniffer/Standards/Squiz/Sniffs/",
                    "CodeSniffer/Standards/Zend/Sniffs/"
                ]
            },
            "notification-url": "https://packagist.org/downloads/",
            "license": [
                "BSD-3-Clause"
            ],
            "authors": [
                {
                    "name": "Greg Sherwood",
                    "role": "lead"
                }
            ],
            "description": "PHP_CodeSniffer tokenizes PHP, JavaScript and CSS files and detects violations of a defined set of coding standards.",
            "homepage": "http://www.squizlabs.com/php-codesniffer",
            "keywords": [
                "phpcs",
                "standards"
            ],
            "time": "2015-01-21T22:44:05+00:00"
        }
    ],
    "aliases": [],
    "minimum-stability": "stable",
    "stability-flags": [],
    "prefer-stable": false,
    "prefer-lowest": false,
    "platform": [],
    "platform-dev": []
}
